
Microsoft Visual Studio Solution File, Format Version 12.00
# Visual Studio Version 17
VisualStudioVersion = 17.7.34003.232
MinimumVisualStudioVersion = 10.0.40219.1
Project("{FAE04EC0-301F-11D3-BF4B-00C04F79EFBC}") = "References_Stretch_Zachory", "References_Stretch_Zachory.csproj", "{9249DB76-C89F-470B-9C3E-C65C37CA13C5}"
EndProject
Global
	GlobalSection(SolutionConfigurationPlatforms) = preSolution
		Debug|Any CPU = Debug|Any CPU
		Release|Any CPU = Release|Any CPU
	EndGlobalSection
	GlobalSection(ProjectConfigurationPlatforms) = postSolution
		{9249DB76-C89F-470B-9C3E-C65C37CA13C5}.Debug|Any CPU.ActiveCfg = Debug|Any CPU
		{9249DB76-C89F-470B-9C3E-C65C37CA13C5}.Debug|Any CPU.Build.0 = Debug|Any CPU
		{9249DB76-C89F-470B-9C3E-C65C37CA13C5}.Release|Any CPU.ActiveCfg = Release|Any CPU
		{9249DB76-C89F-470B-9C3E-C65C37CA13C5}.Release|Any CPU.Build.0 = Release|Any CPU
	EndGlobalSection
	GlobalSection(SolutionProperties) = preSolution
		HideSolutionNode = FALSE
	EndGlobalSection
	GlobalSection(ExtensibilityGlobals) = postSolution
		SolutionGuid = {FF8E5AA9-397F-4B30-9C88-8A03243BE952}
	EndGlobalSection
EndGlobal
